
Microsoft Visual Studio Solution File, Format Version 12.00
# Visual Studio 15
VisualStudioVersion = 15.0.27703.2047
MinimumVisualStudioVersion = 10.0.40219.1
Project("{FAE04EC0-301F-11D3-BF4B-00C04F79EFBC}") = "BTechCogitareBankUtils01", "BTechCogitareBankUtils01\BTechCogitareBankUtils01.csproj", "{A8813C73-A586-4767-B4AC-D753DD008103}"
EndProject
Project("{FAE04EC0-301F-11D3-BF4B-00C04F79EFBC}") = "GUITest01", "GUITest01\GUITest01.csproj", "{06CDDF12-7BED-4ACA-8C47-4D0D94364C2D}"
EndProject
Global
	GlobalSection(SolutionConfigurationPlatforms) = preSolution
		Debug|Any CPU = Debug|Any CPU
		Release|Any CPU = Release|Any CPU
	EndGlobalSection
	GlobalSection(ProjectConfigurationPlatforms) = postSolution
		{A8813C73-A586-4767-B4AC-D753DD008103}.Debug|Any CPU.ActiveCfg = Debug|Any CPU
		{A8813C73-A586-4767-B4AC-D753DD008103}.Debug|Any CPU.Build.0 = Debug|Any CPU
		{A8813C73-A586-4767-B4AC-D753DD008103}.Release|Any CPU.ActiveCfg = Release|Any CPU
		{A8813C73-A586-4767-B4AC-D753DD008103}.Release|Any CPU.Build.0 = Release|Any CPU
		{06CDDF12-7BED-4ACA-8C47-4D0D94364C2D}.Debug|Any CPU.ActiveCfg = Debug|Any CPU
		{06CDDF12-7BED-4ACA-8C47-4D0D94364C2D}.Debug|Any CPU.Build.0 = Debug|Any CPU
		{06CDDF12-7BED-4ACA-8C47-4D0D94364C2D}.Release|Any CPU.ActiveCfg = Release|Any CPU
		{06CDDF12-7BED-4ACA-8C47-4D0D94364C2D}.Release|Any CPU.Build.0 = Release|Any CPU
	EndGlobalSection
	GlobalSection(SolutionProperties) = preSolution
		HideSolutionNode = FALSE
	EndGlobalSection
	GlobalSection(ExtensibilityGlobals) = postSolution
		SolutionGuid = {FF7E4D66-FB81-4CF1-89F4-AD2EE89BCC65}
	EndGlobalSection
EndGlobal
